// !$*UTF8*$!
{
	archiveVersion = 1;
	classes = {
	};
	objectVersion = 55;
	objects = {

/* Begin PBXBuildFile section */
		AA708F08284B718900523F59 /* AppDelegate.swift in Sources */ = {isa = PBXBuildFile; fileRef = AA708F07284B718900523F59 /* AppDelegate.swift */; };
		AA708F0A284B718900523F59 /* SceneDelegate.swift in Sources */ = {isa = PBXBuildFile; fileRef = AA708F09284B718900523F59 /* SceneDelegate.swift */; };
		AA708F0F284B718900523F59 /* Main.storyboard in Resources */ = {isa = PBXBuildFile; fileRef = AA708F0D284B718900523F59 /* Main.storyboard */; };
		AA708F12284B718900523F59 /* MVPHomeWork.xcdatamodeld in Sources */ = {isa = PBXBuildFile; fileRef = AA708F10284B718900523F59 /* MVPHomeWork.xcdatamodeld */; };
		AA708F14284B718D00523F59 /* Assets.xcassets in Resources */ = {isa = PBXBuildFile; fileRef = AA708F13284B718D00523F59 /* Assets.xcassets */; };
		AA708F17284B718D00523F59 /* LaunchScreen.storyboard in Resources */ = {isa = PBXBuildFile; fileRef = AA708F15284B718D00523F59 /* LaunchScreen.storyboard */; };
		AA708F22284B718D00523F59 /* MVPHomeWorkTests.swift in Sources */ = {isa = PBXBuildFile; fileRef = AA708F21284B718D00523F59 /* MVPHomeWorkTests.swift */; };
		AA708F2C284B718D00523F59 /* MVPHomeWorkUITests.swift in Sources */ = {isa = PBXBuildFile; fileRef = AA708F2B284B718D00523F59 /* MVPHomeWorkUITests.swift */; };
		AA708F2E284B718D00523F59 /* MVPHomeWorkUITestsLaunchTests.swift in Sources */ = {isa = PBXBuildFile; fileRef = AA708F2D284B718D00523F59 /* MVPHomeWorkUITestsLaunchTests.swift */; };
		AA708F44284B74E900523F59 /* FirstViewController.swift in Sources */ = {isa = PBXBuildFile; fileRef = AA708F43284B74E900523F59 /* FirstViewController.swift */; };
		AA708F47284B76EF00523F59 /* FirstPresenter.swift in Sources */ = {isa = PBXBuildFile; fileRef = AA708F46284B76EF00523F59 /* FirstPresenter.swift */; };
		AA708F4A284B774800523F59 /* FirstViewController.xib in Resources */ = {isa = PBXBuildFile; fileRef = AA708F49284B774800523F59 /* FirstViewController.xib */; };
		AA708F4C284B784D00523F59 /* ModuleBuilder.swift in Sources */ = {isa = PBXBuildFile; fileRef = AA708F4B284B784D00523F59 /* ModuleBuilder.swift */; };
		AA708F51284B7C8100523F59 /* FirstModuleTest.swift in Sources */ = {isa = PBXBuildFile; fileRef = AA708F50284B7C8100523F59 /* FirstModuleTest.swift */; };
		AA708F5D284C9BF000523F59 /* CustomTableViewCell.swift in Sources */ = {isa = PBXBuildFile; fileRef = AA708F5B284C9BF000523F59 /* CustomTableViewCell.swift */; };
		AA708F5E284C9BF000523F59 /* CustomTableViewCell.xib in Resources */ = {isa = PBXBuildFile; fileRef = AA708F5C284C9BF000523F59 /* CustomTableViewCell.xib */; };
		AA708F60284CA42400523F59 /* Cryptocoin.swift in Sources */ = {isa = PBXBuildFile; fileRef = AA708F5F284CA42400523F59 /* Cryptocoin.swift */; };
		AA708F62284CA66600523F59 /* Response.swift in Sources */ = {isa = PBXBuildFile; fileRef = AA708F61284CA66600523F59 /* Response.swift */; };
		AA708F64284CB24100523F59 /* NetworkService.swift in Sources */ = {isa = PBXBuildFile; fileRef = AA708F63284CB24100523F59 /* NetworkService.swift */; };
/* End PBXBuildFile section */

/* Begin PBXContainerItemProxy section */
		AA708F1E284B718D00523F59 /* PBXContainerItemProxy */ = {
			isa = PBXContainerItemProxy;
			containerPortal = AA708EFC284B718900523F59 /* Project object */;
			proxyType = 1;
			remoteGlobalIDString = AA708F03284B718900523F59;
			remoteInfo = MVPHomeWork;
		};
		AA708F28284B718D00523F59 /* PBXContainerItemProxy */ = {
			isa = PBXContainerItemProxy;
			containerPortal = AA708EFC284B718900523F59 /* Project object */;
			proxyType = 1;
			remoteGlobalIDString = AA708F03284B718900523F59;
			remoteInfo = MVPHomeWork;
		};
/* End PBXContainerItemProxy section */

/* Begin PBXFileReference section */
		AA708F04284B718900523F59 /* MVPHomeWork.app */ = {isa = PBXFileReference; explicitFileType = wrapper.application; includeInIndex = 0; path = MVPHomeWork.app; sourceTree = BUILT_PRODUCTS_DIR; };
		AA708F07284B718900523F59 /* AppDelegate.swift */ = {isa = PBXFileReference; lastKnownFileType = sourcecode.swift; path = AppDelegate.swift; sourceTree = "<group>"; };
		AA708F09284B718900523F59 /* SceneDelegate.swift */ = {isa = PBXFileReference; lastKnownFileType = sourcecode.swift; path = SceneDelegate.swift; sourceTree = "<group>"; };
		AA708F0E284B718900523F59 /* Base */ = {isa = PBXFileReference; lastKnownFileType = file.storyboard; name = Base; path = Base.lproj/Main.storyboard; sourceTree = "<group>"; };
		AA708F11284B718900523F59 /* MVPHomeWork.xcdatamodel */ = {isa = PBXFileReference; lastKnownFileType = wrapper.xcdatamodel; path = MVPHomeWork.xcdatamodel; sourceTree = "<group>"; };
		AA708F13284B718D00523F59 /* Assets.xcassets */ = {isa = PBXFileReference; lastKnownFileType = folder.assetcatalog; path = Assets.xcassets; sourceTree = "<group>"; };
		AA708F16284B718D00523F59 /* Base */ = {isa = PBXFileReference; lastKnownFileType = file.storyboard; name = Base; path = Base.lproj/LaunchScreen.storyboard; sourceTree = "<group>"; };
		AA708F18284B718D00523F59 /* Info.plist */ = {isa = PBXFileReference; lastKnownFileType = text.plist.xml; path = Info.plist; sourceTree = "<group>"; };
		AA708F1D284B718D00523F59 /* MVPHomeWorkTests.xctest */ = {isa = PBXFileReference; explicitFileType = wrapper.cfbundle; includeInIndex = 0; path = MVPHomeWorkTests.xctest; sourceTree = BUILT_PRODUCTS_DIR; };
		AA708F21284B718D00523F59 /* MVPHomeWorkTests.swift */ = {isa = PBXFileReference; lastKnownFileType = sourcecode.swift; path = MVPHomeWorkTests.swift; sourceTree = "<group>"; };
		AA708F27284B718D00523F59 /* MVPHomeWorkUITests.xctest */ = {isa = PBXFileReference; explicitFileType = wrapper.cfbundle; includeInIndex = 0; path = MVPHomeWorkUITests.xctest; sourceTree = BUILT_PRODUCTS_DIR; };
		AA708F2B284B718D00523F59 /* MVPHomeWorkUITests.swift */ = {isa = PBXFileReference; lastKnownFileType = sourcecode.swift; path = MVPHomeWorkUITests.swift; sourceTree = "<group>"; };
		AA708F2D284B718D00523F59 /* MVPHomeWorkUITestsLaunchTests.swift */ = {isa = PBXFileReference; lastKnownFileType = sourcecode.swift; path = MVPHomeWorkUITestsLaunchTests.swift; sourceTree = "<group>"; };
		AA708F43284B74E900523F59 /* FirstViewController.swift */ = {isa = PBXFileReference; lastKnownFileType = sourcecode.swift; path = FirstViewController.swift; sourceTree = "<group>"; };
		AA708F46284B76EF00523F59 /* FirstPresenter.swift */ = {isa = PBXFileReference; lastKnownFileType = sourcecode.swift; path = FirstPresenter.swift; sourceTree = "<group>"; };
		AA708F49284B774800523F59 /* FirstViewController.xib */ = {isa = PBXFileReference; lastKnownFileType = file.xib; path = FirstViewController.xib; sourceTree = "<group>"; };
		AA708F4B284B784D00523F59 /* ModuleBuilder.swift */ = {isa = PBXFileReference; lastKnownFileType = sourcecode.swift; name = ModuleBuilder.swift; path = "MVPHomeWork/Supporting Files/ModuleBuilder.swift"; sourceTree = SOURCE_ROOT; };
		AA708F50284B7C8100523F59 /* FirstModuleTest.swift */ = {isa = PBXFileReference; lastKnownFileType = sourcecode.swift; path = FirstModuleTest.swift; sourceTree = "<group>"; };
		AA708F5B284C9BF000523F59 /* CustomTableViewCell.swift */ = {isa = PBXFileReference; lastKnownFileType = sourcecode.swift; path = CustomTableViewCell.swift; sourceTree = "<group>"; };
		AA708F5C284C9BF000523F59 /* CustomTableViewCell.xib */ = {isa = PBXFileReference; lastKnownFileType = file.xib; path = CustomTableViewCell.xib; sourceTree = "<group>"; };
		AA708F5F284CA42400523F59 /* Cryptocoin.swift */ = {isa = PBXFileReference; lastKnownFileType = sourcecode.swift; path = Cryptocoin.swift; sourceTree = "<group>"; };
		AA708F61284CA66600523F59 /* Response.swift */ = {isa = PBXFileReference; lastKnownFileType = sourcecode.swift; path = Response.swift; sourceTree = "<group>"; };
		AA708F63284CB24100523F59 /* NetworkService.swift */ = {isa = PBXFileReference; lastKnownFileType = sourcecode.swift; path = NetworkService.swift; sourceTree = "<group>"; };
/* End PBXFileReference section */

/* Begin PBXFrameworksBuildPhase section */
		AA708F01284B718900523F59 /* Frameworks */ = {
			isa = PBXFrameworksBuildPhase;
			buildActionMask = 2147483647;
			files = (
			);
			runOnlyForDeploymentPostprocessing = 0;
		};
		AA708F1A284B718D00523F59 /* Frameworks */ = {
			isa = PBXFrameworksBuildPhase;
			buildActionMask = 2147483647;
			files = (
			);
			runOnlyForDeploymentPostprocessing = 0;
		};
		AA708F24284B718D00523F59 /* Frameworks */ = {
			isa = PBXFrameworksBuildPhase;
			buildActionMask = 2147483647;
			files = (
			);
			runOnlyForDeploymentPostprocessing = 0;
		};
/* End PBXFrameworksBuildPhase section */

/* Begin PBXGroup section */
		AA708EFB284B718900523F59 = {
			isa = PBXGroup;
			children = (
				AA708F06284B718900523F59 /* MVPHomeWork */,
				AA708F20284B718D00523F59 /* MVPHomeWorkTests */,
				AA708F2A284B718D00523F59 /* MVPHomeWorkUITests */,
				AA708F05284B718900523F59 /* Products */,
			);
			sourceTree = "<group>";
		};
		AA708F05284B718900523F59 /* Products */ = {
			isa = PBXGroup;
			children = (
				AA708F04284B718900523F59 /* MVPHomeWork.app */,
				AA708F1D284B718D00523F59 /* MVPHomeWorkTests.xctest */,
				AA708F27284B718D00523F59 /* MVPHomeWorkUITests.xctest */,
			);
			name = Products;
			sourceTree = "<group>";
		};
		AA708F06284B718900523F59 /* MVPHomeWork */ = {
			isa = PBXGroup;
			children = (
				AA708F65284CB24D00523F59 /* ServiceLayer */,
				AA708F48284B770100523F59 /* FirstModule */,
				AA708F3B284B71AA00523F59 /* Storyboards */,
				AA708F3A284B719700523F59 /* Supporting Files */,
				AA708F13284B718D00523F59 /* Assets.xcassets */,
				AA708F18284B718D00523F59 /* Info.plist */,
				AA708F10284B718900523F59 /* MVPHomeWork.xcdatamodeld */,
			);
			path = MVPHomeWork;
			sourceTree = "<group>";
		};
		AA708F20284B718D00523F59 /* MVPHomeWorkTests */ = {
			isa = PBXGroup;
			children = (
				AA708F21284B718D00523F59 /* MVPHomeWorkTests.swift */,
				AA708F4F284B7C4F00523F59 /* FirstModuleTest */,
			);
			path = MVPHomeWorkTests;
			sourceTree = "<group>";
		};
		AA708F2A284B718D00523F59 /* MVPHomeWorkUITests */ = {
			isa = PBXGroup;
			children = (
				AA708F2B284B718D00523F59 /* MVPHomeWorkUITests.swift */,
				AA708F2D284B718D00523F59 /* MVPHomeWorkUITestsLaunchTests.swift */,
			);
			path = MVPHomeWorkUITests;
			sourceTree = "<group>";
		};
		AA708F3A284B719700523F59 /* Supporting Files */ = {
			isa = PBXGroup;
			children = (
				AA708F4B284B784D00523F59 /* ModuleBuilder.swift */,
				AA708F07284B718900523F59 /* AppDelegate.swift */,
				AA708F09284B718900523F59 /* SceneDelegate.swift */,
			);
			path = "Supporting Files";
			sourceTree = "<group>";
		};
		AA708F3B284B71AA00523F59 /* Storyboards */ = {
			isa = PBXGroup;
			children = (
				AA708F0D284B718900523F59 /* Main.storyboard */,
				AA708F15284B718D00523F59 /* LaunchScreen.storyboard */,
			);
			path = Storyboards;
			sourceTree = "<group>";
		};
		AA708F3C284B71C700523F59 /* Presenter */ = {
			isa = PBXGroup;
			children = (
				AA708F46284B76EF00523F59 /* FirstPresenter.swift */,
			);
			path = Presenter;
			sourceTree = "<group>";
		};
		AA708F3D284B71D600523F59 /* Model */ = {
			isa = PBXGroup;
			children = (
				AA708F5F284CA42400523F59 /* Cryptocoin.swift */,
				AA708F61284CA66600523F59 /* Response.swift */,
			);
			path = Model;
			sourceTree = "<group>";
		};
		AA708F3E284B71E300523F59 /* View */ = {
			isa = PBXGroup;
			children = (
				AA708F58284C9BA400523F59 /* Cell */,
				AA708F43284B74E900523F59 /* FirstViewController.swift */,
				AA708F49284B774800523F59 /* FirstViewController.xib */,
			);
			path = View;
			sourceTree = "<group>";
		};
		AA708F48284B770100523F59 /* FirstModule */ = {
			isa = PBXGroup;
			children = (
				AA708F3E284B71E300523F59 /* View */,
				AA708F3D284B71D600523F59 /* Model */,
				AA708F3C284B71C700523F59 /* Presenter */,
			);
			path = FirstModule;
			sourceTree = "<group>";
		};
		AA708F4F284B7C4F00523F59 /* FirstModuleTest */ = {
			isa = PBXGroup;
			children = (
				AA708F50284B7C8100523F59 /* FirstModuleTest.swift */,
			);
			path = FirstModuleTest;
			sourceTree = "<group>";
		};
		AA708F58284C9BA400523F59 /* Cell */ = {
			isa = PBXGroup;
			children = (
				AA708F5B284C9BF000523F59 /* CustomTableViewCell.swift */,
				AA708F5C284C9BF000523F59 /* CustomTableViewCell.xib */,
			);
			path = Cell;
			sourceTree = "<group>";
		};
		AA708F65284CB24D00523F59 /* ServiceLayer */ = {
			isa = PBXGroup;
			children = (
				AA708F63284CB24100523F59 /* NetworkService.swift */,
			);
			path = ServiceLayer;
			sourceTree = "<group>";
		};
/* End PBXGroup section */

/* Begin PBXNativeTarget section */
		AA708F03284B718900523F59 /* MVPHomeWork */ = {
			isa = PBXNativeTarget;
			buildConfigurationList = AA708F31284B718D00523F59 /* Build configuration list for PBXNativeTarget "MVPHomeWork" */;
			buildPhases = (
				AA708F00284B718900523F59 /* Sources */,
				AA708F01284B718900523F59 /* Frameworks */,
				AA708F02284B718900523F59 /* Resources */,
			);
			buildRules = (
			);
			dependencies = (
			);
			name = MVPHomeWork;
			productName = MVPHomeWork;
			productReference = AA708F04284B718900523F59 /* MVPHomeWork.app */;
			productType = "com.apple.product-type.application";
		};
		AA708F1C284B718D00523F59 /* MVPHomeWorkTests */ = {
			isa = PBXNativeTarget;
			buildConfigurationList = AA708F34284B718D00523F59 /* Build configuration list for PBXNativeTarget "MVPHomeWorkTests" */;
			buildPhases = (
				AA708F19284B718D00523F59 /* Sources */,
				AA708F1A284B718D00523F59 /* Frameworks */,
				AA708F1B284B718D00523F59 /* Resources */,
			);
			buildRules = (
			);
			dependencies = (
				AA708F1F284B718D00523F59 /* PBXTargetDependency */,
			);
			name = MVPHomeWorkTests;
			productName = MVPHomeWorkTests;
			productReference = AA708F1D284B718D00523F59 /* MVPHomeWorkTests.xctest */;
			productType = "com.apple.product-type.bundle.unit-test";
		};
		AA708F26284B718D00523F59 /* MVPHomeWorkUITests */ = {
			isa = PBXNativeTarget;
			buildConfigurationList = AA708F37284B718D00523F59 /* Build configuration list for PBXNativeTarget "MVPHomeWorkUITests" */;
			buildPhases = (
				AA708F23284B718D00523F59 /* Sources */,
				AA708F24284B718D00523F59 /* Frameworks */,
				AA708F25284B718D00523F59 /* Resources */,
			);
			buildRules = (
			);
			dependencies = (
				AA708F29284B718D00523F59 /* PBXTargetDependency */,
			);
			name = MVPHomeWorkUITests;
			productName = MVPHomeWorkUITests;
			productReference = AA708F27284B718D00523F59 /* MVPHomeWorkUITests.xctest */;
			productType = "com.apple.product-type.bundle.ui-testing";
		};
/* End PBXNativeTarget section */

/* Begin PBXProject section */
		AA708EFC284B718900523F59 /* Project object */ = {
			isa = PBXProject;
			attributes = {
				BuildIndependentTargetsInParallel = 1;
				LastSwiftUpdateCheck = 1330;
				LastUpgradeCheck = 1330;
				TargetAttributes = {
					AA708F03284B718900523F59 = {
						CreatedOnToolsVersion = 13.3;
					};
					AA708F1C284B718D00523F59 = {
						CreatedOnToolsVersion = 13.3;
						TestTargetID = AA708F03284B718900523F59;
					};
					AA708F26284B718D00523F59 = {
						CreatedOnToolsVersion = 13.3;
						TestTargetID = AA708F03284B718900523F59;
					};
				};
			};
			buildConfigurationList = AA708EFF284B718900523F59 /* Build configuration list for PBXProject "MVPHomeWork" */;
			compatibilityVersion = "Xcode 13.0";
			developmentRegion = en;
			hasScannedForEncodings = 0;
			knownRegions = (
				en,
				Base,
			);
			mainGroup = AA708EFB284B718900523F59;
			productRefGroup = AA708F05284B718900523F59 /* Products */;
			projectDirPath = "";
			projectRoot = "";
			targets = (
				AA708F03284B718900523F59 /* MVPHomeWork */,
				AA708F1C284B718D00523F59 /* MVPHomeWorkTests */,
				AA708F26284B718D00523F59 /* MVPHomeWorkUITests */,
			);
		};
/* End PBXProject section */

/* Begin PBXResourcesBuildPhase section */
		AA708F02284B718900523F59 /* Resources */ = {
			isa = PBXResourcesBuildPhase;
			buildActionMask = 2147483647;
			files = (
				AA708F17284B718D00523F59 /* LaunchScreen.storyboard in Resources */,
				AA708F14284B718D00523F59 /* Assets.xcassets in Resources */,
				AA708F0F284B718900523F59 /* Main.storyboard in Resources */,
				AA708F5E284C9BF000523F59 /* CustomTableViewCell.xib in Resources */,
				AA708F4A284B774800523F59 /* FirstViewController.xib in Resources */,
			);
			runOnlyForDeploymentPostprocessing = 0;
		};
		AA708F1B284B718D00523F59 /* Resources */ = {
			isa = PBXResourcesBuildPhase;
			buildActionMask = 2147483647;
			files = (
			);
			runOnlyForDeploymentPostprocessing = 0;
		};
		AA708F25284B718D00523F59 /* Resources */ = {
			isa = PBXResourcesBuildPhase;
			buildActionMask = 2147483647;
			files = (
			);
			runOnlyForDeploymentPostprocessing = 0;
		};
/* End PBXResourcesBuildPhase section */

/* Begin PBXSourcesBuildPhase section */
		AA708F00284B718900523F59 /* Sources */ = {
			isa = PBXSourcesBuildPhase;
			buildActionMask = 2147483647;
			files = (
				AA708F64284CB24100523F59 /* NetworkService.swift in Sources */,
				AA708F08284B718900523F59 /* AppDelegate.swift in Sources */,
				AA708F5D284C9BF000523F59 /* CustomTableViewCell.swift in Sources */,
				AA708F60284CA42400523F59 /* Cryptocoin.swift in Sources */,
				AA708F62284CA66600523F59 /* Response.swift in Sources */,
				AA708F0A284B718900523F59 /* SceneDelegate.swift in Sources */,
				AA708F47284B76EF00523F59 /* FirstPresenter.swift in Sources */,
				AA708F4C284B784D00523F59 /* ModuleBuilder.swift in Sources */,
				AA708F44284B74E900523F59 /* FirstViewController.swift in Sources */,
				AA708F12284B718900523F59 /* MVPHomeWork.xcdatamodeld in Sources */,
			);
			runOnlyForDeploymentPostprocessing = 0;
		};
		AA708F19284B718D00523F59 /* Sources */ = {
			isa = PBXSourcesBuildPhase;
			buildActionMask = 2147483647;
			files = (
				AA708F51284B7C8100523F59 /* FirstModuleTest.swift in Sources */,
				AA708F22284B718D00523F59 /* MVPHomeWorkTests.swift in Sources */,
			);
			runOnlyForDeploymentPostprocessing = 0;
		};
		AA708F23284B718D00523F59 /* Sources */ = {
			isa = PBXSourcesBuildPhase;
			buildActionMask = 2147483647;
			files = (
				AA708F2E284B718D00523F59 /* MVPHomeWorkUITestsLaunchTests.swift in Sources */,
				AA708F2C284B718D00523F59 /* MVPHomeWorkUITests.swift in Sources */,
			);
			runOnlyForDeploymentPostprocessing = 0;
		};
/* End PBXSourcesBuildPhase section */

/* Begin PBXTargetDependency section */
		AA708F1F284B718D00523F59 /* PBXTargetDependency */ = {
			isa = PBXTargetDependency;
			target = AA708F03284B718900523F59 /* MVPHomeWork */;
			targetProxy = AA708F1E284B718D00523F59 /* PBXContainerItemProxy */;
		};
		AA708F29284B718D00523F59 /* PBXTargetDependency */ = {
			isa = PBXTargetDependency;
			target = AA708F03284B718900523F59 /* MVPHomeWork */;
			targetProxy = AA708F28284B718D00523F59 /* PBXContainerItemProxy */;
		};
/* End PBXTargetDependency section */

/* Begin PBXVariantGroup section */
		AA708F0D284B718900523F59 /* Main.storyboard */ = {
			isa = PBXVariantGroup;
			children = (
				AA708F0E284B718900523F59 /* Base */,
			);
			name = Main.storyboard;
			sourceTree = "<group>";
		};
		AA708F15284B718D00523F59 /* LaunchScreen.storyboard */ = {
			isa = PBXVariantGroup;
			children = (
				AA708F16284B718D00523F59 /* Base */,
			);
			name = LaunchScreen.storyboard;
			sourceTree = "<group>";
		};
/* End PBXVariantGroup section */

/* Begin XCBuildConfiguration section */
		AA708F2F284B718D00523F59 /* Debug */ = {
			isa = XCBuildConfiguration;
			buildSettings = {
				ALWAYS_SEARCH_USER_PATHS = NO;
				CLANG_ANALYZER_NONNULL = YES;
				CLANG_ANALYZER_NUMBER_OBJECT_CONVERSION = YES_AGGRESSIVE;
				CLANG_CXX_LANGUAGE_STANDARD = "gnu++17";
				CLANG_ENABLE_MODULES = YES;
				CLANG_ENABLE_OBJC_ARC = YES;
				CLANG_ENABLE_OBJC_WEAK = YES;
				CLANG_WARN_BLOCK_CAPTURE_AUTORELEASING = YES;
				CLANG_WARN_BOOL_CONVERSION = YES;
				CLANG_WARN_COMMA = YES;
				CLANG_WARN_CONSTANT_CONVERSION = YES;
				CLANG_WARN_DEPRECATED_OBJC_IMPLEMENTATIONS = YES;
				CLANG_WARN_DIRECT_OBJC_ISA_USAGE = YES_ERROR;
				CLANG_WARN_DOCUMENTATION_COMMENTS = YES;
				CLANG_WARN_EMPTY_BODY = YES;
				CLANG_WARN_ENUM_CONVERSION = YES;
				CLANG_WARN_INFINITE_RECURSION = YES;
				CLANG_WARN_INT_CONVERSION = YES;
				CLANG_WARN_NON_LITERAL_NULL_CONVERSION = YES;
				CLANG_WARN_OBJC_IMPLICIT_RETAIN_SELF = YES;
				CLANG_WARN_OBJC_LITERAL_CONVERSION = YES;
				CLANG_WARN_OBJC_ROOT_CLASS = YES_ERROR;
				CLANG_WARN_QUOTED_INCLUDE_IN_FRAMEWORK_HEADER = YES;
				CLANG_WARN_RANGE_LOOP_ANALYSIS = YES;
				CLANG_WARN_STRICT_PROTOTYPES = YES;
				CLANG_WARN_SUSPICIOUS_MOVE = YES;
				CLANG_WARN_UNGUARDED_AVAILABILITY = YES_AGGRESSIVE;
				CLANG_WARN_UNREACHABLE_CODE = YES;
				CLANG_WARN__DUPLICATE_METHOD_MATCH = YES;
				COPY_PHASE_STRIP = NO;
				DEBUG_INFORMATION_FORMAT = dwarf;
				ENABLE_STRICT_OBJC_MSGSEND = YES;
				ENABLE_TESTABILITY = YES;
				GCC_C_LANGUAGE_STANDARD = gnu11;
				GCC_DYNAMIC_NO_PIC = NO;
				GCC_NO_COMMON_BLOCKS = YES;
				GCC_OPTIMIZATION_LEVEL = 0;
				GCC_PREPROCESSOR_DEFINITIONS = (
					"DEBUG=1",
					"$(inherited)",
				);
				GCC_WARN_64_TO_32_BIT_CONVERSION = YES;
				GCC_WARN_ABOUT_RETURN_TYPE = YES_ERROR;
				GCC_WARN_UNDECLARED_SELECTOR = YES;
				GCC_WARN_UNINITIALIZED_AUTOS = YES_AGGRESSIVE;
				GCC_WARN_UNUSED_FUNCTION = YES;
				GCC_WARN_UNUSED_VARIABLE = YES;
				IPHONEOS_DEPLOYMENT_TARGET = 15.4;
				MTL_ENABLE_DEBUG_INFO = INCLUDE_SOURCE;
				MTL_FAST_MATH = YES;
				ONLY_ACTIVE_ARCH = YES;
				SDKROOT = iphoneos;
				SWIFT_ACTIVE_COMPILATION_CONDITIONS = DEBUG;
				SWIFT_OPTIMIZATION_LEVEL = "-Onone";
			};
			name = Debug;
		};
		AA708F30284B718D00523F59 /* Release */ = {
			isa = XCBuildConfiguration;
			buildSettings = {
				ALWAYS_SEARCH_USER_PATHS = NO;
				CLANG_ANALYZER_NONNULL = YES;
				CLANG_ANALYZER_NUMBER_OBJECT_CONVERSION = YES_AGGRESSIVE;
				CLANG_CXX_LANGUAGE_STANDARD = "gnu++17";
				CLANG_ENABLE_MODULES = YES;
				CLANG_ENABLE_OBJC_ARC = YES;
				CLANG_ENABLE_OBJC_WEAK = YES;
				CLANG_WARN_BLOCK_CAPTURE_AUTORELEASING = YES;
				CLANG_WARN_BOOL_CONVERSION = YES;
				CLANG_WARN_COMMA = YES;
				CLANG_WARN_CONSTANT_CONVERSION = YES;
				CLANG_WARN_DEPRECATED_OBJC_IMPLEMENTATIONS = YES;
				CLANG_WARN_DIRECT_OBJC_ISA_USAGE = YES_ERROR;
				CLANG_WARN_DOCUMENTATION_COMMENTS = YES;
				CLANG_WARN_EMPTY_BODY = YES;
				CLANG_WARN_ENUM_CONVERSION = YES;
				CLANG_WARN_INFINITE_RECURSION = YES;
				CLANG_WARN_INT_CONVERSION = YES;
				CLANG_WARN_NON_LITERAL_NULL_CONVERSION = YES;
				CLANG_WARN_OBJC_IMPLICIT_RETAIN_SELF = YES;
				CLANG_WARN_OBJC_LITERAL_CONVERSION = YES;
				CLANG_WARN_OBJC_ROOT_CLASS = YES_ERROR;
				CLANG_WARN_QUOTED_INCLUDE_IN_FRAMEWORK_HEADER = YES;
				CLANG_WARN_RANGE_LOOP_ANALYSIS = YES;
				CLANG_WARN_STRICT_PROTOTYPES = YES;
				CLANG_WARN_SUSPICIOUS_MOVE = YES;
				CLANG_WARN_UNGUARDED_AVAILABILITY = YES_AGGRESSIVE;
				CLANG_WARN_UNREACHABLE_CODE = YES;
				CLANG_WARN__DUPLICATE_METHOD_MATCH = YES;
				COPY_PHASE_STRIP = NO;
				DEBUG_INFORMATION_FORMAT = "dwarf-with-dsym";
				ENABLE_NS_ASSERTIONS = NO;
				ENABLE_STRICT_OBJC_MSGSEND = YES;
				GCC_C_LANGUAGE_STANDARD = gnu11;
				GCC_NO_COMMON_BLOCKS = YES;
				GCC_WARN_64_TO_32_BIT_CONVERSION = YES;
				GCC_WARN_ABOUT_RETURN_TYPE = YES_ERROR;
				GCC_WARN_UNDECLARED_SELECTOR = YES;
				GCC_WARN_UNINITIALIZED_AUTOS = YES_AGGRESSIVE;
				GCC_WARN_UNUSED_FUNCTION = YES;
				GCC_WARN_UNUSED_VARIABLE = YES;
				IPHONEOS_DEPLOYMENT_TARGET = 15.4;
				MTL_ENABLE_DEBUG_INFO = NO;
				MTL_FAST_MATH = YES;
				SDKROOT = iphoneos;
				SWIFT_COMPILATION_MODE = wholemodule;
				SWIFT_OPTIMIZATION_LEVEL = "-O";
				VALIDATE_PRODUCT = YES;
			};
			name = Release;
		};
		AA708F32284B718D00523F59 /* Debug */ = {
			isa = XCBuildConfiguration;
			buildSettings = {
				ASSETCATALOG_COMPILER_APPICON_NAME = AppIcon;
				ASSETCATALOG_COMPILER_GLOBAL_ACCENT_COLOR_NAME = AccentColor;
				CODE_SIGN_STYLE = Automatic;
				CURRENT_PROJECT_VERSION = 1;
				DEVELOPMENT_TEAM = Z95P383GBF;
				GENERATE_INFOPLIST_FILE = YES;
				INFOPLIST_FILE = MVPHomeWork/Info.plist;
				INFOPLIST_KEY_UIApplicationSupportsIndirectInputEvents = YES;
				INFOPLIST_KEY_UILaunchStoryboardName = LaunchScreen;
				INFOPLIST_KEY_UIMainStoryboardFile = Main;
				INFOPLIST_KEY_UISupportedInterfaceOrientations_iPad = "UIInterfaceOrientationPortrait UIInterfaceOrientationPortraitUpsideDown UIInterfaceOrientationLandscapeLeft UIInterfaceOrientationLandscapeRight";
				INFOPLIST_KEY_UISupportedInterfaceOrientations_iPhone = "UIInterfaceOrientationPortrait UIInterfaceOrientationLandscapeLeft UIInterfaceOrientationLandscapeRight";
				LD_RUNPATH_SEARCH_PATHS = (
					"$(inherited)",
					"@executable_path/Frameworks",
				);
				MARKETING_VERSION = 1.0;
				PRODUCT_BUNDLE_IDENTIFIER = voxsie.MVPHomeWork;
				PRODUCT_NAME = "$(TARGET_NAME)";
				SWIFT_EMIT_LOC_STRINGS = YES;
				SWIFT_VERSION = 5.0;
				TARGETED_DEVICE_FAMILY = "1,2";
			};
			name = Debug;
		};
		AA708F33284B718D00523F59 /* Release */ = {
			isa = XCBuildConfiguration;
			buildSettings = {
				ASSETCATALOG_COMPILER_APPICON_NAME = AppIcon;
				ASSETCATALOG_COMPILER_GLOBAL_ACCENT_COLOR_NAME = AccentColor;
				CODE_SIGN_STYLE = Automatic;
				CURRENT_PROJECT_VERSION = 1;
				DEVELOPMENT_TEAM = Z95P383GBF;
				GENERATE_INFOPLIST_FILE = YES;
				INFOPLIST_FILE = MVPHomeWork/Info.plist;
				INFOPLIST_KEY_UIApplicationSupportsIndirectInputEvents = YES;
				INFOPLIST_KEY_UILaunchStoryboardName = LaunchScreen;
				INFOPLIST_KEY_UIMainStoryboardFile = Main;
				INFOPLIST_KEY_UISupportedInterfaceOrientations_iPad = "UIInterfaceOrientationPortrait UIInterfaceOrientationPortraitUpsideDown UIInterfaceOrientationLandscapeLeft UIInterfaceOrientationLandscapeRight";
				INFOPLIST_KEY_UISupportedInterfaceOrientations_iPhone = "UIInterfaceOrientationPortrait UIInterfaceOrientationLandscapeLeft UIInterfaceOrientationLandscapeRight";
				LD_RUNPATH_SEARCH_PATHS = (
					"$(inherited)",
					"@executable_path/Frameworks",
				);
				MARKETING_VERSION = 1.0;
				PRODUCT_BUNDLE_IDENTIFIER = voxsie.MVPHomeWork;
				PRODUCT_NAME = "$(TARGET_NAME)";
				SWIFT_EMIT_LOC_STRINGS = YES;
				SWIFT_VERSION = 5.0;
				TARGETED_DEVICE_FAMILY = "1,2";
			};
			name = Release;
		};
		AA708F35284B718D00523F59 /* Debug */ = {
			isa = XCBuildConfiguration;
			buildSettings = {
				ALWAYS_EMBED_SWIFT_STANDARD_LIBRARIES = YES;
				BUNDLE_LOADER = "$(TEST_HOST)";
				CODE_SIGN_STYLE = Automatic;
				CURRENT_PROJECT_VERSION = 1;
				DEVELOPMENT_TEAM = Z95P383GBF;
				GENERATE_INFOPLIST_FILE = YES;
				IPHONEOS_DEPLOYMENT_TARGET = 15.4;
				MARKETING_VERSION = 1.0;
				PRODUCT_BUNDLE_IDENTIFIER = voxsie.MVPHomeWorkTests;
				PRODUCT_NAME = "$(TARGET_NAME)";
				SWIFT_EMIT_LOC_STRINGS = NO;
				SWIFT_VERSION = 5.0;
				TARGETED_DEVICE_FAMILY = "1,2";
				TEST_HOST = "$(BUILT_PRODUCTS_DIR)/MVPHomeWork.app/MVPHomeWork";
			};
			name = Debug;
		};
		AA708F36284B718D00523F59 /* Release */ = {
			isa = XCBuildConfiguration;
			buildSettings = {
				ALWAYS_EMBED_SWIFT_STANDARD_LIBRARIES = YES;
				BUNDLE_LOADER = "$(TEST_HOST)";
				CODE_SIGN_STYLE = Automatic;
				CURRENT_PROJECT_VERSION = 1;
				DEVELOPMENT_TEAM = Z95P383GBF;
				GENERATE_INFOPLIST_FILE = YES;
				IPHONEOS_DEPLOYMENT_TARGET = 15.4;
				MARKETING_VERSION = 1.0;
				PRODUCT_BUNDLE_IDENTIFIER = voxsie.MVPHomeWorkTests;
				PRODUCT_NAME = "$(TARGET_NAME)";
				SWIFT_EMIT_LOC_STRINGS = NO;
				SWIFT_VERSION = 5.0;
				TARGETED_DEVICE_FAMILY = "1,2";
				TEST_HOST = "$(BUILT_PRODUCTS_DIR)/MVPHomeWork.app/MVPHomeWork";
			};
			name = Release;
		};
		AA708F38284B718D00523F59 /* Debug */ = {
			isa = XCBuildConfiguration;
			buildSettings = {
				ALWAYS_EMBED_SWIFT_STANDARD_LIBRARIES = YES;
				CODE_SIGN_STYLE = Automatic;
				CURRENT_PROJECT_VERSION = 1;
				DEVELOPMENT_TEAM = Z95P383GBF;
				GENERATE_INFOPLIST_FILE = YES;
				MARKETING_VERSION = 1.0;
				PRODUCT_BUNDLE_IDENTIFIER = voxsie.MVPHomeWorkUITests;
				PRODUCT_NAME = "$(TARGET_NAME)";
				SWIFT_EMIT_LOC_STRINGS = NO;
				SWIFT_VERSION = 5.0;
				TARGETED_DEVICE_FAMILY = "1,2";
				TEST_TARGET_NAME = MVPHomeWork;
			};
			name = Debug;
		};
		AA708F39284B718D00523F59 /* Release */ = {
			isa = XCBuildConfiguration;
			buildSettings = {
				ALWAYS_EMBED_SWIFT_STANDARD_LIBRARIES = YES;
				CODE_SIGN_STYLE = Automatic;
				CURRENT_PROJECT_VERSION = 1;
				DEVELOPMENT_TEAM = Z95P383GBF;
				GENERATE_INFOPLIST_FILE = YES;
				MARKETING_VERSION = 1.0;
				PRODUCT_BUNDLE_IDENTIFIER = voxsie.MVPHomeWorkUITests;
				PRODUCT_NAME = "$(TARGET_NAME)";
				SWIFT_EMIT_LOC_STRINGS = NO;
				SWIFT_VERSION = 5.0;
				TARGETED_DEVICE_FAMILY = "1,2";
				TEST_TARGET_NAME = MVPHomeWork;
			};
			name = Release;
		};
/* End XCBuildConfiguration section */

/* Begin XCConfigurationList section */
		AA708EFF284B718900523F59 /* Build configuration list for PBXProject "MVPHomeWork" */ = {
			isa = XCConfigurationList;
			buildConfigurations = (
				AA708F2F284B718D00523F59 /* Debug */,
				AA708F30284B718D00523F59 /* Release */,
			);
			defaultConfigurationIsVisible = 0;
			defaultConfigurationName = Release;
		};
		AA708F31284B718D00523F59 /* Build configuration list for PBXNativeTarget "MVPHomeWork" */ = {
			isa = XCConfigurationList;
			buildConfigurations = (
				AA708F32284B718D00523F59 /* Debug */,
				AA708F33284B718D00523F59 /* Release */,
			);
			defaultConfigurationIsVisible = 0;
			defaultConfigurationName = Release;
		};
		AA708F34284B718D00523F59 /* Build configuration list for PBXNativeTarget "MVPHomeWorkTests" */ = {
			isa = XCConfigurationList;
			buildConfigurations = (
				AA708F35284B718D00523F59 /* Debug */,
				AA708F36284B718D00523F59 /* Release */,
			);
			defaultConfigurationIsVisible = 0;
			defaultConfigurationName = Release;
		};
		AA708F37284B718D00523F59 /* Build configuration list for PBXNativeTarget "MVPHomeWorkUITests" */ = {
			isa = XCConfigurationList;
			buildConfigurations = (
				AA708F38284B718D00523F59 /* Debug */,
				AA708F39284B718D00523F59 /* Release */,
			);
			defaultConfigurationIsVisible = 0;
			defaultConfigurationName = Release;
		};
/* End XCConfigurationList section */

/* Begin XCVersionGroup section */
		AA708F10284B718900523F59 /* MVPHomeWork.xcdatamodeld */ = {
			isa = XCVersionGroup;
			children = (
				AA708F11284B718900523F59 /* MVPHomeWork.xcdatamodel */,
			);
			currentVersion = AA708F11284B718900523F59 /* MVPHomeWork.xcdatamodel */;
			path = MVPHomeWork.xcdatamodeld;
			sourceTree = "<group>";
			versionGroupType = wrapper.xcdatamodel;
		};
/* End XCVersionGroup section */
	};
	rootObject = AA708EFC284B718900523F59 /* Project object */;
}
